
Microsoft Visual Studio Solution File, Format Version 12.00
# Visual Studio Version 17
VisualStudioVersion = 17.9.34622.214
MinimumVisualStudioVersion = 10.0.40219.1
Project("{FAE04EC0-301F-11D3-BF4B-00C04F79EFBC}") = "Main", "Main\Main.csproj", "{D4F39A4B-551D-4140-BC03-DEF9F3E0A83F}"
EndProject
Project("{FAE04EC0-301F-11D3-BF4B-00C04F79EFBC}") = "Courant", "Courant\Courant.csproj", "{B7FE45E4-093D-4344-9B34-4CFB662EE037}"
EndProject
Project("{FAE04EC0-301F-11D3-BF4B-00C04F79EFBC}") = "Personne", "Personne\Personne.csproj", "{62F82328-AC5C-4D6F-AC4E-EA0757F83558}"
EndProject
Global
	GlobalSection(SolutionConfigurationPlatforms) = preSolution
		Debug|Any CPU = Debug|Any CPU
		Release|Any CPU = Release|Any CPU
	EndGlobalSection
	GlobalSection(ProjectConfigurationPlatforms) = postSolution
		{D4F39A4B-551D-4140-BC03-DEF9F3E0A83F}.Debug|Any CPU.ActiveCfg = Debug|Any CPU
		{D4F39A4B-551D-4140-BC03-DEF9F3E0A83F}.Debug|Any CPU.Build.0 = Debug|Any CPU
		{D4F39A4B-551D-4140-BC03-DEF9F3E0A83F}.Release|Any CPU.ActiveCfg = Release|Any CPU
		{D4F39A4B-551D-4140-BC03-DEF9F3E0A83F}.Release|Any CPU.Build.0 = Release|Any CPU
		{B7FE45E4-093D-4344-9B34-4CFB662EE037}.Debug|Any CPU.ActiveCfg = Debug|Any CPU
		{B7FE45E4-093D-4344-9B34-4CFB662EE037}.Debug|Any CPU.Build.0 = Debug|Any CPU
		{B7FE45E4-093D-4344-9B34-4CFB662EE037}.Release|Any CPU.ActiveCfg = Release|Any CPU
		{B7FE45E4-093D-4344-9B34-4CFB662EE037}.Release|Any CPU.Build.0 = Release|Any CPU
		{62F82328-AC5C-4D6F-AC4E-EA0757F83558}.Debug|Any CPU.ActiveCfg = Debug|Any CPU
		{62F82328-AC5C-4D6F-AC4E-EA0757F83558}.Debug|Any CPU.Build.0 = Debug|Any CPU
		{62F82328-AC5C-4D6F-AC4E-EA0757F83558}.Release|Any CPU.ActiveCfg = Release|Any CPU
		{62F82328-AC5C-4D6F-AC4E-EA0757F83558}.Release|Any CPU.Build.0 = Release|Any CPU
	EndGlobalSection
	GlobalSection(SolutionProperties) = preSolution
		HideSolutionNode = FALSE
	EndGlobalSection
	GlobalSection(ExtensibilityGlobals) = postSolution
		SolutionGuid = {CCF19718-A17E-4854-AB86-89FEE0B0BDE8}
	EndGlobalSection
EndGlobal
